// !$*UTF8*$!
{
	archiveVersion = 1;
	classes = {
	};
	objectVersion = 50;
	objects = {

/* Begin PBXBuildFile section */
		B8B2470F246679D8005854DF /* AppDelegate.swift in Sources */ = {isa = PBXBuildFile; fileRef = B8B2470E246679D8005854DF /* AppDelegate.swift */; };
		B8B24711246679D8005854DF /* SceneDelegate.swift in Sources */ = {isa = PBXBuildFile; fileRef = B8B24710246679D8005854DF /* SceneDelegate.swift */; };
		B8B24713246679D8005854DF /* ViewController.swift in Sources */ = {isa = PBXBuildFile; fileRef = B8B24712246679D8005854DF /* ViewController.swift */; };
		B8B24716246679D8005854DF /* Main.storyboard in Resources */ = {isa = PBXBuildFile; fileRef = B8B24714246679D8005854DF /* Main.storyboard */; };
		B8B24718246679DC005854DF /* Assets.xcassets in Resources */ = {isa = PBXBuildFile; fileRef = B8B24717246679DC005854DF /* Assets.xcassets */; };
		B8B2471B246679DC005854DF /* LaunchScreen.storyboard in Resources */ = {isa = PBXBuildFile; fileRef = B8B24719246679DC005854DF /* LaunchScreen.storyboard */; };
		B8B24726246679DC005854DF /* iOS_ThirdWeek_Seminar_ExerciseTests.swift in Sources */ = {isa = PBXBuildFile; fileRef = B8B24725246679DC005854DF /* iOS_ThirdWeek_Seminar_ExerciseTests.swift */; };
		B8B24731246679DC005854DF /* iOS_ThirdWeek_Seminar_ExerciseUITests.swift in Sources */ = {isa = PBXBuildFile; fileRef = B8B24730246679DC005854DF /* iOS_ThirdWeek_Seminar_ExerciseUITests.swift */; };
		B8B2473F24667C13005854DF /* Music.swift in Sources */ = {isa = PBXBuildFile; fileRef = B8B2473E24667C13005854DF /* Music.swift */; };
		B8B24741246685D9005854DF /* SampleTableViewController.swift in Sources */ = {isa = PBXBuildFile; fileRef = B8B24740246685D9005854DF /* SampleTableViewController.swift */; };
		B8B247452466880D005854DF /* WeatherCell.swift in Sources */ = {isa = PBXBuildFile; fileRef = B8B247442466880D005854DF /* WeatherCell.swift */; };
		B8B2474724668A63005854DF /* DateInformation.swift in Sources */ = {isa = PBXBuildFile; fileRef = B8B2474624668A63005854DF /* DateInformation.swift */; };
		B8B2474924669513005854DF /* DetailViewController.swift in Sources */ = {isa = PBXBuildFile; fileRef = B8B2474824669513005854DF /* DetailViewController.swift */; };
		B8B2474B24669A56005854DF /* CollectionViewSampleViewController.swift in Sources */ = {isa = PBXBuildFile; fileRef = B8B2474A24669A56005854DF /* CollectionViewSampleViewController.swift */; };
		B8B2474D24669DF2005854DF /* MusicCell.swift in Sources */ = {isa = PBXBuildFile; fileRef = B8B2474C24669DF2005854DF /* MusicCell.swift */; };
/* End PBXBuildFile section */

/* Begin PBXContainerItemProxy section */
		B8B24722246679DC005854DF /* PBXContainerItemProxy */ = {
			isa = PBXContainerItemProxy;
			containerPortal = B8B24703246679D8005854DF /* Project object */;
			proxyType = 1;
			remoteGlobalIDString = B8B2470A246679D8005854DF;
			remoteInfo = iOS_ThirdWeek_Seminar_Exercise;
		};
		B8B2472D246679DC005854DF /* PBXContainerItemProxy */ = {
			isa = PBXContainerItemProxy;
			containerPortal = B8B24703246679D8005854DF /* Project object */;
			proxyType = 1;
			remoteGlobalIDString = B8B2470A246679D8005854DF;
			remoteInfo = iOS_ThirdWeek_Seminar_Exercise;
		};
/* End PBXContainerItemProxy section */

/* Begin PBXFileReference section */
		B8B2470B246679D8005854DF /* iOS_ThirdWeek_Seminar_Exercise.app */ = {isa = PBXFileReference; explicitFileType = wrapper.application; includeInIndex = 0; path = iOS_ThirdWeek_Seminar_Exercise.app; sourceTree = BUILT_PRODUCTS_DIR; };
		B8B2470E246679D8005854DF /* AppDelegate.swift */ = {isa = PBXFileReference; lastKnownFileType = sourcecode.swift; path = AppDelegate.swift; sourceTree = "<group>"; };
		B8B24710246679D8005854DF /* SceneDelegate.swift */ = {isa = PBXFileReference; lastKnownFileType = sourcecode.swift; path = SceneDelegate.swift; sourceTree = "<group>"; };
		B8B24712246679D8005854DF /* ViewController.swift */ = {isa = PBXFileReference; lastKnownFileType = sourcecode.swift; path = ViewController.swift; sourceTree = "<group>"; };
		B8B24715246679D8005854DF /* Base */ = {isa = PBXFileReference; lastKnownFileType = file.storyboard; name = Base; path = Base.lproj/Main.storyboard; sourceTree = "<group>"; };
		B8B24717246679DC005854DF /* Assets.xcassets */ = {isa = PBXFileReference; lastKnownFileType = folder.assetcatalog; path = Assets.xcassets; sourceTree = "<group>"; };
		B8B2471A246679DC005854DF /* Base */ = {isa = PBXFileReference; lastKnownFileType = file.storyboard; name = Base; path = Base.lproj/LaunchScreen.storyboard; sourceTree = "<group>"; };
		B8B2471C246679DC005854DF /* Info.plist */ = {isa = PBXFileReference; lastKnownFileType = text.plist.xml; path = Info.plist; sourceTree = "<group>"; };
		B8B24721246679DC005854DF /* iOS_ThirdWeek_Seminar_ExerciseTests.xctest */ = {isa = PBXFileReference; explicitFileType = wrapper.cfbundle; includeInIndex = 0; path = iOS_ThirdWeek_Seminar_ExerciseTests.xctest; sourceTree = BUILT_PRODUCTS_DIR; };
		B8B24725246679DC005854DF /* iOS_ThirdWeek_Seminar_ExerciseTests.swift */ = {isa = PBXFileReference; lastKnownFileType = sourcecode.swift; path = iOS_ThirdWeek_Seminar_ExerciseTests.swift; sourceTree = "<group>"; };
		B8B24727246679DC005854DF /* Info.plist */ = {isa = PBXFileReference; lastKnownFileType = text.plist.xml; path = Info.plist; sourceTree = "<group>"; };
		B8B2472C246679DC005854DF /* iOS_ThirdWeek_Seminar_ExerciseUITests.xctest */ = {isa = PBXFileReference; explicitFileType = wrapper.cfbundle; includeInIndex = 0; path = iOS_ThirdWeek_Seminar_ExerciseUITests.xctest; sourceTree = BUILT_PRODUCTS_DIR; };
		B8B24730246679DC005854DF /* iOS_ThirdWeek_Seminar_ExerciseUITests.swift */ = {isa = PBXFileReference; lastKnownFileType = sourcecode.swift; path = iOS_ThirdWeek_Seminar_ExerciseUITests.swift; sourceTree = "<group>"; };
		B8B24732246679DC005854DF /* Info.plist */ = {isa = PBXFileReference; lastKnownFileType = text.plist.xml; path = Info.plist; sourceTree = "<group>"; };
		B8B2473E24667C13005854DF /* Music.swift */ = {isa = PBXFileReference; lastKnownFileType = sourcecode.swift; path = Music.swift; sourceTree = "<group>"; };
		B8B24740246685D9005854DF /* SampleTableViewController.swift */ = {isa = PBXFileReference; lastKnownFileType = sourcecode.swift; path = SampleTableViewController.swift; sourceTree = "<group>"; };
		B8B247442466880D005854DF /* WeatherCell.swift */ = {isa = PBXFileReference; lastKnownFileType = sourcecode.swift; path = WeatherCell.swift; sourceTree = "<group>"; };
		B8B2474624668A63005854DF /* DateInformation.swift */ = {isa = PBXFileReference; lastKnownFileType = sourcecode.swift; path = DateInformation.swift; sourceTree = "<group>"; };
		B8B2474824669513005854DF /* DetailViewController.swift */ = {isa = PBXFileReference; lastKnownFileType = sourcecode.swift; path = DetailViewController.swift; sourceTree = "<group>"; };
		B8B2474A24669A56005854DF /* CollectionViewSampleViewController.swift */ = {isa = PBXFileReference; lastKnownFileType = sourcecode.swift; path = CollectionViewSampleViewController.swift; sourceTree = "<group>"; };
		B8B2474C24669DF2005854DF /* MusicCell.swift */ = {isa = PBXFileReference; lastKnownFileType = sourcecode.swift; path = MusicCell.swift; sourceTree = "<group>"; };
/* End PBXFileReference section */

/* Begin PBXFrameworksBuildPhase section */
		B8B24708246679D8005854DF /* Frameworks */ = {
			isa = PBXFrameworksBuildPhase;
			buildActionMask = 2147483647;
			files = (
			);
			runOnlyForDeploymentPostprocessing = 0;
		};
		B8B2471E246679DC005854DF /* Frameworks */ = {
			isa = PBXFrameworksBuildPhase;
			buildActionMask = 2147483647;
			files = (
			);
			runOnlyForDeploymentPostprocessing = 0;
		};
		B8B24729246679DC005854DF /* Frameworks */ = {
			isa = PBXFrameworksBuildPhase;
			buildActionMask = 2147483647;
			files = (
			);
			runOnlyForDeploymentPostprocessing = 0;
		};
/* End PBXFrameworksBuildPhase section */

/* Begin PBXGroup section */
		B8B24702246679D8005854DF = {
			isa = PBXGroup;
			children = (
				B8B2470D246679D8005854DF /* iOS_ThirdWeek_Seminar_Exercise */,
				B8B24724246679DC005854DF /* iOS_ThirdWeek_Seminar_ExerciseTests */,
				B8B2472F246679DC005854DF /* iOS_ThirdWeek_Seminar_ExerciseUITests */,
				B8B2470C246679D8005854DF /* Products */,
			);
			sourceTree = "<group>";
		};
		B8B2470C246679D8005854DF /* Products */ = {
			isa = PBXGroup;
			children = (
				B8B2470B246679D8005854DF /* iOS_ThirdWeek_Seminar_Exercise.app */,
				B8B24721246679DC005854DF /* iOS_ThirdWeek_Seminar_ExerciseTests.xctest */,
				B8B2472C246679DC005854DF /* iOS_ThirdWeek_Seminar_ExerciseUITests.xctest */,
			);
			name = Products;
			sourceTree = "<group>";
		};
		B8B2470D246679D8005854DF /* iOS_ThirdWeek_Seminar_Exercise */ = {
			isa = PBXGroup;
			children = (
				B8B247442466880D005854DF /* WeatherCell.swift */,
				B8B2470E246679D8005854DF /* AppDelegate.swift */,
				B8B24710246679D8005854DF /* SceneDelegate.swift */,
				B8B24712246679D8005854DF /* ViewController.swift */,
				B8B24714246679D8005854DF /* Main.storyboard */,
				B8B2474824669513005854DF /* DetailViewController.swift */,
				B8B2474624668A63005854DF /* DateInformation.swift */,
				B8B24717246679DC005854DF /* Assets.xcassets */,
				B8B24719246679DC005854DF /* LaunchScreen.storyboard */,
				B8B2471C246679DC005854DF /* Info.plist */,
				B8B2473E24667C13005854DF /* Music.swift */,
				B8B24740246685D9005854DF /* SampleTableViewController.swift */,
				B8B2474A24669A56005854DF /* CollectionViewSampleViewController.swift */,
				B8B2474C24669DF2005854DF /* MusicCell.swift */,
			);
			path = iOS_ThirdWeek_Seminar_Exercise;
			sourceTree = "<group>";
		};
		B8B24724246679DC005854DF /* iOS_ThirdWeek_Seminar_ExerciseTests */ = {
			isa = PBXGroup;
			children = (
				B8B24725246679DC005854DF /* iOS_ThirdWeek_Seminar_ExerciseTests.swift */,
				B8B24727246679DC005854DF /* Info.plist */,
			);
			path = iOS_ThirdWeek_Seminar_ExerciseTests;
			sourceTree = "<group>";
		};
		B8B2472F246679DC005854DF /* iOS_ThirdWeek_Seminar_ExerciseUITests */ = {
			isa = PBXGroup;
			children = (
				B8B24730246679DC005854DF /* iOS_ThirdWeek_Seminar_ExerciseUITests.swift */,
				B8B24732246679DC005854DF /* Info.plist */,
			);
			path = iOS_ThirdWeek_Seminar_ExerciseUITests;
			sourceTree = "<group>";
		};
/* End PBXGroup section */

/* Begin PBXNativeTarget section */
		B8B2470A246679D8005854DF /* iOS_ThirdWeek_Seminar_Exercise */ = {
			isa = PBXNativeTarget;
			buildConfigurationList = B8B24735246679DC005854DF /* Build configuration list for PBXNativeTarget "iOS_ThirdWeek_Seminar_Exercise" */;
			buildPhases = (
				B8B24707246679D8005854DF /* Sources */,
				B8B24708246679D8005854DF /* Frameworks */,
				B8B24709246679D8005854DF /* Resources */,
			);
			buildRules = (
			);
			dependencies = (
			);
			name = iOS_ThirdWeek_Seminar_Exercise;
			productName = iOS_ThirdWeek_Seminar_Exercise;
			productReference = B8B2470B246679D8005854DF /* iOS_ThirdWeek_Seminar_Exercise.app */;
			productType = "com.apple.product-type.application";
		};
		B8B24720246679DC005854DF /* iOS_ThirdWeek_Seminar_ExerciseTests */ = {
			isa = PBXNativeTarget;
			buildConfigurationList = B8B24738246679DC005854DF /* Build configuration list for PBXNativeTarget "iOS_ThirdWeek_Seminar_ExerciseTests" */;
			buildPhases = (
				B8B2471D246679DC005854DF /* Sources */,
				B8B2471E246679DC005854DF /* Frameworks */,
				B8B2471F246679DC005854DF /* Resources */,
			);
			buildRules = (
			);
			dependencies = (
				B8B24723246679DC005854DF /* PBXTargetDependency */,
			);
			name = iOS_ThirdWeek_Seminar_ExerciseTests;
			productName = iOS_ThirdWeek_Seminar_ExerciseTests;
			productReference = B8B24721246679DC005854DF /* iOS_ThirdWeek_Seminar_ExerciseTests.xctest */;
			productType = "com.apple.product-type.bundle.unit-test";
		};
		B8B2472B246679DC005854DF /* iOS_ThirdWeek_Seminar_ExerciseUITests */ = {
			isa = PBXNativeTarget;
			buildConfigurationList = B8B2473B246679DC005854DF /* Build configuration list for PBXNativeTarget "iOS_ThirdWeek_Seminar_ExerciseUITests" */;
			buildPhases = (
				B8B24728246679DC005854DF /* Sources */,
				B8B24729246679DC005854DF /* Frameworks */,
				B8B2472A246679DC005854DF /* Resources */,
			);
			buildRules = (
			);
			dependencies = (
				B8B2472E246679DC005854DF /* PBXTargetDependency */,
			);
			name = iOS_ThirdWeek_Seminar_ExerciseUITests;
			productName = iOS_ThirdWeek_Seminar_ExerciseUITests;
			productReference = B8B2472C246679DC005854DF /* iOS_ThirdWeek_Seminar_ExerciseUITests.xctest */;
			productType = "com.apple.product-type.bundle.ui-testing";
		};
/* End PBXNativeTarget section */

/* Begin PBXProject section */
		B8B24703246679D8005854DF /* Project object */ = {
			isa = PBXProject;
			attributes = {
				LastSwiftUpdateCheck = 1140;
				LastUpgradeCheck = 1140;
				ORGANIZATIONNAME = "이예슬";
				TargetAttributes = {
					B8B2470A246679D8005854DF = {
						CreatedOnToolsVersion = 11.4.1;
					};
					B8B24720246679DC005854DF = {
						CreatedOnToolsVersion = 11.4.1;
						TestTargetID = B8B2470A246679D8005854DF;
					};
					B8B2472B246679DC005854DF = {
						CreatedOnToolsVersion = 11.4.1;
						TestTargetID = B8B2470A246679D8005854DF;
					};
				};
			};
			buildConfigurationList = B8B24706246679D8005854DF /* Build configuration list for PBXProject "iOS_ThirdWeek_Seminar_Exercise" */;
			compatibilityVersion = "Xcode 9.3";
			developmentRegion = en;
			hasScannedForEncodings = 0;
			knownRegions = (
				en,
				Base,
			);
			mainGroup = B8B24702246679D8005854DF;
			productRefGroup = B8B2470C246679D8005854DF /* Products */;
			projectDirPath = "";
			projectRoot = "";
			targets = (
				B8B2470A246679D8005854DF /* iOS_ThirdWeek_Seminar_Exercise */,
				B8B24720246679DC005854DF /* iOS_ThirdWeek_Seminar_ExerciseTests */,
				B8B2472B246679DC005854DF /* iOS_ThirdWeek_Seminar_ExerciseUITests */,
			);
		};
/* End PBXProject section */

/* Begin PBXResourcesBuildPhase section */
		B8B24709246679D8005854DF /* Resources */ = {
			isa = PBXResourcesBuildPhase;
			buildActionMask = 2147483647;
			files = (
				B8B2471B246679DC005854DF /* LaunchScreen.storyboard in Resources */,
				B8B24718246679DC005854DF /* Assets.xcassets in Resources */,
				B8B24716246679D8005854DF /* Main.storyboard in Resources */,
			);
			runOnlyForDeploymentPostprocessing = 0;
		};
		B8B2471F246679DC005854DF /* Resources */ = {
			isa = PBXResourcesBuildPhase;
			buildActionMask = 2147483647;
			files = (
			);
			runOnlyForDeploymentPostprocessing = 0;
		};
		B8B2472A246679DC005854DF /* Resources */ = {
			isa = PBXResourcesBuildPhase;
			buildActionMask = 2147483647;
			files = (
			);
			runOnlyForDeploymentPostprocessing = 0;
		};
/* End PBXResourcesBuildPhase section */

/* Begin PBXSourcesBuildPhase section */
		B8B24707246679D8005854DF /* Sources */ = {
			isa = PBXSourcesBuildPhase;
			buildActionMask = 2147483647;
			files = (
				B8B24741246685D9005854DF /* SampleTableViewController.swift in Sources */,
				B8B24713246679D8005854DF /* ViewController.swift in Sources */,
				B8B247452466880D005854DF /* WeatherCell.swift in Sources */,
				B8B2470F246679D8005854DF /* AppDelegate.swift in Sources */,
				B8B24711246679D8005854DF /* SceneDelegate.swift in Sources */,
				B8B2474D24669DF2005854DF /* MusicCell.swift in Sources */,
				B8B2473F24667C13005854DF /* Music.swift in Sources */,
				B8B2474724668A63005854DF /* DateInformation.swift in Sources */,
				B8B2474B24669A56005854DF /* CollectionViewSampleViewController.swift in Sources */,
				B8B2474924669513005854DF /* DetailViewController.swift in Sources */,
			);
			runOnlyForDeploymentPostprocessing = 0;
		};
		B8B2471D246679DC005854DF /* Sources */ = {
			isa = PBXSourcesBuildPhase;
			buildActionMask = 2147483647;
			files = (
				B8B24726246679DC005854DF /* iOS_ThirdWeek_Seminar_ExerciseTests.swift in Sources */,
			);
			runOnlyForDeploymentPostprocessing = 0;
		};
		B8B24728246679DC005854DF /* Sources */ = {
			isa = PBXSourcesBuildPhase;
			buildActionMask = 2147483647;
			files = (
				B8B24731246679DC005854DF /* iOS_ThirdWeek_Seminar_ExerciseUITests.swift in Sources */,
			);
			runOnlyForDeploymentPostprocessing = 0;
		};
/* End PBXSourcesBuildPhase section */

/* Begin PBXTargetDependency section */
		B8B24723246679DC005854DF /* PBXTargetDependency */ = {
			isa = PBXTargetDependency;
			target = B8B2470A246679D8005854DF /* iOS_ThirdWeek_Seminar_Exercise */;
			targetProxy = B8B24722246679DC005854DF /* PBXContainerItemProxy */;
		};
		B8B2472E246679DC005854DF /* PBXTargetDependency */ = {
			isa = PBXTargetDependency;
			target = B8B2470A246679D8005854DF /* iOS_ThirdWeek_Seminar_Exercise */;
			targetProxy = B8B2472D246679DC005854DF /* PBXContainerItemProxy */;
		};
/* End PBXTargetDependency section */

/* Begin PBXVariantGroup section */
		B8B24714246679D8005854DF /* Main.storyboard */ = {
			isa = PBXVariantGroup;
			children = (
				B8B24715246679D8005854DF /* Base */,
			);
			name = Main.storyboard;
			sourceTree = "<group>";
		};
		B8B24719246679DC005854DF /* LaunchScreen.storyboard */ = {
			isa = PBXVariantGroup;
			children = (
				B8B2471A246679DC005854DF /* Base */,
			);
			name = LaunchScreen.storyboard;
			sourceTree = "<group>";
		};
/* End PBXVariantGroup section */

/* Begin XCBuildConfiguration section */
		B8B24733246679DC005854DF /* Debug */ = {
			isa = XCBuildConfiguration;
			buildSettings = {
				ALWAYS_SEARCH_USER_PATHS = NO;
				CLANG_ANALYZER_NONNULL = YES;
				CLANG_ANALYZER_NUMBER_OBJECT_CONVERSION = YES_AGGRESSIVE;
				CLANG_CXX_LANGUAGE_STANDARD = "gnu++14";
				CLANG_CXX_LIBRARY = "libc++";
				CLANG_ENABLE_MODULES = YES;
				CLANG_ENABLE_OBJC_ARC = YES;
				CLANG_ENABLE_OBJC_WEAK = YES;
				CLANG_WARN_BLOCK_CAPTURE_AUTORELEASING = YES;
				CLANG_WARN_BOOL_CONVERSION = YES;
				CLANG_WARN_COMMA = YES;
				CLANG_WARN_CONSTANT_CONVERSION = YES;
				CLANG_WARN_DEPRECATED_OBJC_IMPLEMENTATIONS = YES;
				CLANG_WARN_DIRECT_OBJC_ISA_USAGE = YES_ERROR;
				CLANG_WARN_DOCUMENTATION_COMMENTS = YES;
				CLANG_WARN_EMPTY_BODY = YES;
				CLANG_WARN_ENUM_CONVERSION = YES;
				CLANG_WARN_INFINITE_RECURSION = YES;
				CLANG_WARN_INT_CONVERSION = YES;
				CLANG_WARN_NON_LITERAL_NULL_CONVERSION = YES;
				CLANG_WARN_OBJC_IMPLICIT_RETAIN_SELF = YES;
				CLANG_WARN_OBJC_LITERAL_CONVERSION = YES;
				CLANG_WARN_OBJC_ROOT_CLASS = YES_ERROR;
				CLANG_WARN_RANGE_LOOP_ANALYSIS = YES;
				CLANG_WARN_STRICT_PROTOTYPES = YES;
				CLANG_WARN_SUSPICIOUS_MOVE = YES;
				CLANG_WARN_UNGUARDED_AVAILABILITY = YES_AGGRESSIVE;
				CLANG_WARN_UNREACHABLE_CODE = YES;
				CLANG_WARN__DUPLICATE_METHOD_MATCH = YES;
				COPY_PHASE_STRIP = NO;
				DEBUG_INFORMATION_FORMAT = dwarf;
				ENABLE_STRICT_OBJC_MSGSEND = YES;
				ENABLE_TESTABILITY = YES;
				GCC_C_LANGUAGE_STANDARD = gnu11;
				GCC_DYNAMIC_NO_PIC = NO;
				GCC_NO_COMMON_BLOCKS = YES;
				GCC_OPTIMIZATION_LEVEL = 0;
				GCC_PREPROCESSOR_DEFINITIONS = (
					"DEBUG=1",
					"$(inherited)",
				);
				GCC_WARN_64_TO_32_BIT_CONVERSION = YES;
				GCC_WARN_ABOUT_RETURN_TYPE = YES_ERROR;
				GCC_WARN_UNDECLARED_SELECTOR = YES;
				GCC_WARN_UNINITIALIZED_AUTOS = YES_AGGRESSIVE;
				GCC_WARN_UNUSED_FUNCTION = YES;
				GCC_WARN_UNUSED_VARIABLE = YES;
				IPHONEOS_DEPLOYMENT_TARGET = 13.4;
				MTL_ENABLE_DEBUG_INFO = INCLUDE_SOURCE;
				MTL_FAST_MATH = YES;
				ONLY_ACTIVE_ARCH = YES;
				SDKROOT = iphoneos;
				SWIFT_ACTIVE_COMPILATION_CONDITIONS = DEBUG;
				SWIFT_OPTIMIZATION_LEVEL = "-Onone";
			};
			name = Debug;
		};
		B8B24734246679DC005854DF /* Release */ = {
			isa = XCBuildConfiguration;
			buildSettings = {
				ALWAYS_SEARCH_USER_PATHS = NO;
				CLANG_ANALYZER_NONNULL = YES;
				CLANG_ANALYZER_NUMBER_OBJECT_CONVERSION = YES_AGGRESSIVE;
				CLANG_CXX_LANGUAGE_STANDARD = "gnu++14";
				CLANG_CXX_LIBRARY = "libc++";
				CLANG_ENABLE_MODULES = YES;
				CLANG_ENABLE_OBJC_ARC = YES;
				CLANG_ENABLE_OBJC_WEAK = YES;
				CLANG_WARN_BLOCK_CAPTURE_AUTORELEASING = YES;
				CLANG_WARN_BOOL_CONVERSION = YES;
				CLANG_WARN_COMMA = YES;
				CLANG_WARN_CONSTANT_CONVERSION = YES;
				CLANG_WARN_DEPRECATED_OBJC_IMPLEMENTATIONS = YES;
				CLANG_WARN_DIRECT_OBJC_ISA_USAGE = YES_ERROR;
				CLANG_WARN_DOCUMENTATION_COMMENTS = YES;
				CLANG_WARN_EMPTY_BODY = YES;
				CLANG_WARN_ENUM_CONVERSION = YES;
				CLANG_WARN_INFINITE_RECURSION = YES;
				CLANG_WARN_INT_CONVERSION = YES;
				CLANG_WARN_NON_LITERAL_NULL_CONVERSION = YES;
				CLANG_WARN_OBJC_IMPLICIT_RETAIN_SELF = YES;
				CLANG_WARN_OBJC_LITERAL_CONVERSION = YES;
				CLANG_WARN_OBJC_ROOT_CLASS = YES_ERROR;
				CLANG_WARN_RANGE_LOOP_ANALYSIS = YES;
				CLANG_WARN_STRICT_PROTOTYPES = YES;
				CLANG_WARN_SUSPICIOUS_MOVE = YES;
				CLANG_WARN_UNGUARDED_AVAILABILITY = YES_AGGRESSIVE;
				CLANG_WARN_UNREACHABLE_CODE = YES;
				CLANG_WARN__DUPLICATE_METHOD_MATCH = YES;
				COPY_PHASE_STRIP = NO;
				DEBUG_INFORMATION_FORMAT = "dwarf-with-dsym";
				ENABLE_NS_ASSERTIONS = NO;
				ENABLE_STRICT_OBJC_MSGSEND = YES;
				GCC_C_LANGUAGE_STANDARD = gnu11;
				GCC_NO_COMMON_BLOCKS = YES;
				GCC_WARN_64_TO_32_BIT_CONVERSION = YES;
				GCC_WARN_ABOUT_RETURN_TYPE = YES_ERROR;
				GCC_WARN_UNDECLARED_SELECTOR = YES;
				GCC_WARN_UNINITIALIZED_AUTOS = YES_AGGRESSIVE;
				GCC_WARN_UNUSED_FUNCTION = YES;
				GCC_WARN_UNUSED_VARIABLE = YES;
				IPHONEOS_DEPLOYMENT_TARGET = 13.4;
				MTL_ENABLE_DEBUG_INFO = NO;
				MTL_FAST_MATH = YES;
				SDKROOT = iphoneos;
				SWIFT_COMPILATION_MODE = wholemodule;
				SWIFT_OPTIMIZATION_LEVEL = "-O";
				VALIDATE_PRODUCT = YES;
			};
			name = Release;
		};
		B8B24736246679DC005854DF /* Debug */ = {
			isa = XCBuildConfiguration;
			buildSettings = {
				ASSETCATALOG_COMPILER_APPICON_NAME = AppIcon;
				CODE_SIGN_STYLE = Automatic;
				INFOPLIST_FILE = iOS_ThirdWeek_Seminar_Exercise/Info.plist;
				LD_RUNPATH_SEARCH_PATHS = (
					"$(inherited)",
					"@executable_path/Frameworks",
				);
				PRODUCT_BUNDLE_IDENTIFIER = "seul.iOS-ThirdWeek-Seminar-Exercise";
				PRODUCT_NAME = "$(TARGET_NAME)";
				SWIFT_VERSION = 5.0;
				TARGETED_DEVICE_FAMILY = "1,2";
			};
			name = Debug;
		};
		B8B24737246679DC005854DF /* Release */ = {
			isa = XCBuildConfiguration;
			buildSettings = {
				ASSETCATALOG_COMPILER_APPICON_NAME = AppIcon;
				CODE_SIGN_STYLE = Automatic;
				INFOPLIST_FILE = iOS_ThirdWeek_Seminar_Exercise/Info.plist;
				LD_RUNPATH_SEARCH_PATHS = (
					"$(inherited)",
					"@executable_path/Frameworks",
				);
				PRODUCT_BUNDLE_IDENTIFIER = "seul.iOS-ThirdWeek-Seminar-Exercise";
				PRODUCT_NAME = "$(TARGET_NAME)";
				SWIFT_VERSION = 5.0;
				TARGETED_DEVICE_FAMILY = "1,2";
			};
			name = Release;
		};
		B8B24739246679DC005854DF /* Debug */ = {
			isa = XCBuildConfiguration;
			buildSettings = {
				ALWAYS_EMBED_SWIFT_STANDARD_LIBRARIES = YES;
				BUNDLE_LOADER = "$(TEST_HOST)";
				CODE_SIGN_STYLE = Automatic;
				INFOPLIST_FILE = iOS_ThirdWeek_Seminar_ExerciseTests/Info.plist;
				IPHONEOS_DEPLOYMENT_TARGET = 13.4;
				LD_RUNPATH_SEARCH_PATHS = (
					"$(inherited)",
					"@executable_path/Frameworks",
					"@loader_path/Frameworks",
				);
				PRODUCT_BUNDLE_IDENTIFIER = "seul.iOS-ThirdWeek-Seminar-ExerciseTests";
				PRODUCT_NAME = "$(TARGET_NAME)";
				SWIFT_VERSION = 5.0;
				TARGETED_DEVICE_FAMILY = "1,2";
				TEST_HOST = "$(BUILT_PRODUCTS_DIR)/iOS_ThirdWeek_Seminar_Exercise.app/iOS_ThirdWeek_Seminar_Exercise";
			};
			name = Debug;
		};
		B8B2473A246679DC005854DF /* Release */ = {
			isa = XCBuildConfiguration;
			buildSettings = {
				ALWAYS_EMBED_SWIFT_STANDARD_LIBRARIES = YES;
				BUNDLE_LOADER = "$(TEST_HOST)";
				CODE_SIGN_STYLE = Automatic;
				INFOPLIST_FILE = iOS_ThirdWeek_Seminar_ExerciseTests/Info.plist;
				IPHONEOS_DEPLOYMENT_TARGET = 13.4;
				LD_RUNPATH_SEARCH_PATHS = (
					"$(inherited)",
					"@executable_path/Frameworks",
					"@loader_path/Frameworks",
				);
				PRODUCT_BUNDLE_IDENTIFIER = "seul.iOS-ThirdWeek-Seminar-ExerciseTests";
				PRODUCT_NAME = "$(TARGET_NAME)";
				SWIFT_VERSION = 5.0;
				TARGETED_DEVICE_FAMILY = "1,2";
				TEST_HOST = "$(BUILT_PRODUCTS_DIR)/iOS_ThirdWeek_Seminar_Exercise.app/iOS_ThirdWeek_Seminar_Exercise";
			};
			name = Release;
		};
		B8B2473C246679DC005854DF /* Debug */ = {
			isa = XCBuildConfiguration;
			buildSettings = {
				ALWAYS_EMBED_SWIFT_STANDARD_LIBRARIES = YES;
				CODE_SIGN_STYLE = Automatic;
				INFOPLIST_FILE = iOS_ThirdWeek_Seminar_ExerciseUITests/Info.plist;
				LD_RUNPATH_SEARCH_PATHS = (
					"$(inherited)",
					"@executable_path/Frameworks",
					"@loader_path/Frameworks",
				);
				PRODUCT_BUNDLE_IDENTIFIER = "seul.iOS-ThirdWeek-Seminar-ExerciseUITests";
				PRODUCT_NAME = "$(TARGET_NAME)";
				SWIFT_VERSION = 5.0;
				TARGETED_DEVICE_FAMILY = "1,2";
				TEST_TARGET_NAME = iOS_ThirdWeek_Seminar_Exercise;
			};
			name = Debug;
		};
		B8B2473D246679DC005854DF /* Release */ = {
			isa = XCBuildConfiguration;
			buildSettings = {
				ALWAYS_EMBED_SWIFT_STANDARD_LIBRARIES = YES;
				CODE_SIGN_STYLE = Automatic;
				INFOPLIST_FILE = iOS_ThirdWeek_Seminar_ExerciseUITests/Info.plist;
				LD_RUNPATH_SEARCH_PATHS = (
					"$(inherited)",
					"@executable_path/Frameworks",
					"@loader_path/Frameworks",
				);
				PRODUCT_BUNDLE_IDENTIFIER = "seul.iOS-ThirdWeek-Seminar-ExerciseUITests";
				PRODUCT_NAME = "$(TARGET_NAME)";
				SWIFT_VERSION = 5.0;
				TARGETED_DEVICE_FAMILY = "1,2";
				TEST_TARGET_NAME = iOS_ThirdWeek_Seminar_Exercise;
			};
			name = Release;
		};
/* End XCBuildConfiguration section */

/* Begin XCConfigurationList section */
		B8B24706246679D8005854DF /* Build configuration list for PBXProject "iOS_ThirdWeek_Seminar_Exercise" */ = {
			isa = XCConfigurationList;
			buildConfigurations = (
				B8B24733246679DC005854DF /* Debug */,
				B8B24734246679DC005854DF /* Release */,
			);
			defaultConfigurationIsVisible = 0;
			defaultConfigurationName = Release;
		};
		B8B24735246679DC005854DF /* Build configuration list for PBXNativeTarget "iOS_ThirdWeek_Seminar_Exercise" */ = {
			isa = XCConfigurationList;
			buildConfigurations = (
				B8B24736246679DC005854DF /* Debug */,
				B8B24737246679DC005854DF /* Release */,
			);
			defaultConfigurationIsVisible = 0;
			defaultConfigurationName = Release;
		};
		B8B24738246679DC005854DF /* Build configuration list for PBXNativeTarget "iOS_ThirdWeek_Seminar_ExerciseTests" */ = {
			isa = XCConfigurationList;
			buildConfigurations = (
				B8B24739246679DC005854DF /* Debug */,
				B8B2473A246679DC005854DF /* Release */,
			);
			defaultConfigurationIsVisible = 0;
			defaultConfigurationName = Release;
		};
		B8B2473B246679DC005854DF /* Build configuration list for PBXNativeTarget "iOS_ThirdWeek_Seminar_ExerciseUITests" */ = {
			isa = XCConfigurationList;
			buildConfigurations = (
				B8B2473C246679DC005854DF /* Debug */,
				B8B2473D246679DC005854DF /* Release */,
			);
			defaultConfigurationIsVisible = 0;
			defaultConfigurationName = Release;
		};
/* End XCConfigurationList section */
	};
	rootObject = B8B24703246679D8005854DF /* Project object */;
}
