// !$*UTF8*$!
{
	archiveVersion = 1;
	classes = {
	};
	objectVersion = 50;
	objects = {

/* Begin PBXBuildFile section */
		B8EF61B22453FE8F00770462 /* AppDelegate.swift in Sources */ = {isa = PBXBuildFile; fileRef = B8EF61B12453FE8F00770462 /* AppDelegate.swift */; };
		B8EF61B42453FE8F00770462 /* SceneDelegate.swift in Sources */ = {isa = PBXBuildFile; fileRef = B8EF61B32453FE8F00770462 /* SceneDelegate.swift */; };
		B8EF61B62453FE8F00770462 /* ViewController.swift in Sources */ = {isa = PBXBuildFile; fileRef = B8EF61B52453FE8F00770462 /* ViewController.swift */; };
		B8EF61B92453FE8F00770462 /* Main.storyboard in Resources */ = {isa = PBXBuildFile; fileRef = B8EF61B72453FE8F00770462 /* Main.storyboard */; };
		B8EF61BB2453FE9400770462 /* Assets.xcassets in Resources */ = {isa = PBXBuildFile; fileRef = B8EF61BA2453FE9400770462 /* Assets.xcassets */; };
		B8EF61BE2453FE9400770462 /* LaunchScreen.storyboard in Resources */ = {isa = PBXBuildFile; fileRef = B8EF61BC2453FE9400770462 /* LaunchScreen.storyboard */; };
		B8EF61C92453FE9400770462 /* iOS_SecondWeek_Seminar_ExerciseTests.swift in Sources */ = {isa = PBXBuildFile; fileRef = B8EF61C82453FE9400770462 /* iOS_SecondWeek_Seminar_ExerciseTests.swift */; };
		B8EF61D42453FE9400770462 /* iOS_SecondWeek_Seminar_ExerciseUITests.swift in Sources */ = {isa = PBXBuildFile; fileRef = B8EF61D32453FE9400770462 /* iOS_SecondWeek_Seminar_ExerciseUITests.swift */; };
/* End PBXBuildFile section */

/* Begin PBXContainerItemProxy section */
		B8EF61C52453FE9400770462 /* PBXContainerItemProxy */ = {
			isa = PBXContainerItemProxy;
			containerPortal = B8EF61A62453FE8F00770462 /* Project object */;
			proxyType = 1;
			remoteGlobalIDString = B8EF61AD2453FE8F00770462;
			remoteInfo = iOS_SecondWeek_Seminar_Exercise;
		};
		B8EF61D02453FE9400770462 /* PBXContainerItemProxy */ = {
			isa = PBXContainerItemProxy;
			containerPortal = B8EF61A62453FE8F00770462 /* Project object */;
			proxyType = 1;
			remoteGlobalIDString = B8EF61AD2453FE8F00770462;
			remoteInfo = iOS_SecondWeek_Seminar_Exercise;
		};
/* End PBXContainerItemProxy section */

/* Begin PBXFileReference section */
		B8EF61AE2453FE8F00770462 /* iOS_SecondWeek_Seminar_Exercise.app */ = {isa = PBXFileReference; explicitFileType = wrapper.application; includeInIndex = 0; path = iOS_SecondWeek_Seminar_Exercise.app; sourceTree = BUILT_PRODUCTS_DIR; };
		B8EF61B12453FE8F00770462 /* AppDelegate.swift */ = {isa = PBXFileReference; lastKnownFileType = sourcecode.swift; path = AppDelegate.swift; sourceTree = "<group>"; };
		B8EF61B32453FE8F00770462 /* SceneDelegate.swift */ = {isa = PBXFileReference; lastKnownFileType = sourcecode.swift; path = SceneDelegate.swift; sourceTree = "<group>"; };
		B8EF61B52453FE8F00770462 /* ViewController.swift */ = {isa = PBXFileReference; lastKnownFileType = sourcecode.swift; path = ViewController.swift; sourceTree = "<group>"; };
		B8EF61B82453FE8F00770462 /* Base */ = {isa = PBXFileReference; lastKnownFileType = file.storyboard; name = Base; path = Base.lproj/Main.storyboard; sourceTree = "<group>"; };
		B8EF61BA2453FE9400770462 /* Assets.xcassets */ = {isa = PBXFileReference; lastKnownFileType = folder.assetcatalog; path = Assets.xcassets; sourceTree = "<group>"; };
		B8EF61BD2453FE9400770462 /* Base */ = {isa = PBXFileReference; lastKnownFileType = file.storyboard; name = Base; path = Base.lproj/LaunchScreen.storyboard; sourceTree = "<group>"; };
		B8EF61BF2453FE9400770462 /* Info.plist */ = {isa = PBXFileReference; lastKnownFileType = text.plist.xml; path = Info.plist; sourceTree = "<group>"; };
		B8EF61C42453FE9400770462 /* iOS_SecondWeek_Seminar_ExerciseTests.xctest */ = {isa = PBXFileReference; explicitFileType = wrapper.cfbundle; includeInIndex = 0; path = iOS_SecondWeek_Seminar_ExerciseTests.xctest; sourceTree = BUILT_PRODUCTS_DIR; };
		B8EF61C82453FE9400770462 /* iOS_SecondWeek_Seminar_ExerciseTests.swift */ = {isa = PBXFileReference; lastKnownFileType = sourcecode.swift; path = iOS_SecondWeek_Seminar_ExerciseTests.swift; sourceTree = "<group>"; };
		B8EF61CA2453FE9400770462 /* Info.plist */ = {isa = PBXFileReference; lastKnownFileType = text.plist.xml; path = Info.plist; sourceTree = "<group>"; };
		B8EF61CF2453FE9400770462 /* iOS_SecondWeek_Seminar_ExerciseUITests.xctest */ = {isa = PBXFileReference; explicitFileType = wrapper.cfbundle; includeInIndex = 0; path = iOS_SecondWeek_Seminar_ExerciseUITests.xctest; sourceTree = BUILT_PRODUCTS_DIR; };
		B8EF61D32453FE9400770462 /* iOS_SecondWeek_Seminar_ExerciseUITests.swift */ = {isa = PBXFileReference; lastKnownFileType = sourcecode.swift; path = iOS_SecondWeek_Seminar_ExerciseUITests.swift; sourceTree = "<group>"; };
		B8EF61D52453FE9400770462 /* Info.plist */ = {isa = PBXFileReference; lastKnownFileType = text.plist.xml; path = Info.plist; sourceTree = "<group>"; };
/* End PBXFileReference section */

/* Begin PBXFrameworksBuildPhase section */
		B8EF61AB2453FE8F00770462 /* Frameworks */ = {
			isa = PBXFrameworksBuildPhase;
			buildActionMask = 2147483647;
			files = (
			);
			runOnlyForDeploymentPostprocessing = 0;
		};
		B8EF61C12453FE9400770462 /* Frameworks */ = {
			isa = PBXFrameworksBuildPhase;
			buildActionMask = 2147483647;
			files = (
			);
			runOnlyForDeploymentPostprocessing = 0;
		};
		B8EF61CC2453FE9400770462 /* Frameworks */ = {
			isa = PBXFrameworksBuildPhase;
			buildActionMask = 2147483647;
			files = (
			);
			runOnlyForDeploymentPostprocessing = 0;
		};
/* End PBXFrameworksBuildPhase section */

/* Begin PBXGroup section */
		B8EF61A52453FE8F00770462 = {
			isa = PBXGroup;
			children = (
				B8EF61B02453FE8F00770462 /* iOS_SecondWeek_Seminar_Exercise */,
				B8EF61C72453FE9400770462 /* iOS_SecondWeek_Seminar_ExerciseTests */,
				B8EF61D22453FE9400770462 /* iOS_SecondWeek_Seminar_ExerciseUITests */,
				B8EF61AF2453FE8F00770462 /* Products */,
			);
			sourceTree = "<group>";
		};
		B8EF61AF2453FE8F00770462 /* Products */ = {
			isa = PBXGroup;
			children = (
				B8EF61AE2453FE8F00770462 /* iOS_SecondWeek_Seminar_Exercise.app */,
				B8EF61C42453FE9400770462 /* iOS_SecondWeek_Seminar_ExerciseTests.xctest */,
				B8EF61CF2453FE9400770462 /* iOS_SecondWeek_Seminar_ExerciseUITests.xctest */,
			);
			name = Products;
			sourceTree = "<group>";
		};
		B8EF61B02453FE8F00770462 /* iOS_SecondWeek_Seminar_Exercise */ = {
			isa = PBXGroup;
			children = (
				B8EF61B12453FE8F00770462 /* AppDelegate.swift */,
				B8EF61B32453FE8F00770462 /* SceneDelegate.swift */,
				B8EF61B52453FE8F00770462 /* ViewController.swift */,
				B8EF61B72453FE8F00770462 /* Main.storyboard */,
				B8EF61BA2453FE9400770462 /* Assets.xcassets */,
				B8EF61BC2453FE9400770462 /* LaunchScreen.storyboard */,
				B8EF61BF2453FE9400770462 /* Info.plist */,
			);
			path = iOS_SecondWeek_Seminar_Exercise;
			sourceTree = "<group>";
		};
		B8EF61C72453FE9400770462 /* iOS_SecondWeek_Seminar_ExerciseTests */ = {
			isa = PBXGroup;
			children = (
				B8EF61C82453FE9400770462 /* iOS_SecondWeek_Seminar_ExerciseTests.swift */,
				B8EF61CA2453FE9400770462 /* Info.plist */,
			);
			path = iOS_SecondWeek_Seminar_ExerciseTests;
			sourceTree = "<group>";
		};
		B8EF61D22453FE9400770462 /* iOS_SecondWeek_Seminar_ExerciseUITests */ = {
			isa = PBXGroup;
			children = (
				B8EF61D32453FE9400770462 /* iOS_SecondWeek_Seminar_ExerciseUITests.swift */,
				B8EF61D52453FE9400770462 /* Info.plist */,
			);
			path = iOS_SecondWeek_Seminar_ExerciseUITests;
			sourceTree = "<group>";
		};
/* End PBXGroup section */

/* Begin PBXNativeTarget section */
		B8EF61AD2453FE8F00770462 /* iOS_SecondWeek_Seminar_Exercise */ = {
			isa = PBXNativeTarget;
			buildConfigurationList = B8EF61D82453FE9400770462 /* Build configuration list for PBXNativeTarget "iOS_SecondWeek_Seminar_Exercise" */;
			buildPhases = (
				B8EF61AA2453FE8F00770462 /* Sources */,
				B8EF61AB2453FE8F00770462 /* Frameworks */,
				B8EF61AC2453FE8F00770462 /* Resources */,
			);
			buildRules = (
			);
			dependencies = (
			);
			name = iOS_SecondWeek_Seminar_Exercise;
			productName = iOS_SecondWeek_Seminar_Exercise;
			productReference = B8EF61AE2453FE8F00770462 /* iOS_SecondWeek_Seminar_Exercise.app */;
			productType = "com.apple.product-type.application";
		};
		B8EF61C32453FE9400770462 /* iOS_SecondWeek_Seminar_ExerciseTests */ = {
			isa = PBXNativeTarget;
			buildConfigurationList = B8EF61DB2453FE9400770462 /* Build configuration list for PBXNativeTarget "iOS_SecondWeek_Seminar_ExerciseTests" */;
			buildPhases = (
				B8EF61C02453FE9400770462 /* Sources */,
				B8EF61C12453FE9400770462 /* Frameworks */,
				B8EF61C22453FE9400770462 /* Resources */,
			);
			buildRules = (
			);
			dependencies = (
				B8EF61C62453FE9400770462 /* PBXTargetDependency */,
			);
			name = iOS_SecondWeek_Seminar_ExerciseTests;
			productName = iOS_SecondWeek_Seminar_ExerciseTests;
			productReference = B8EF61C42453FE9400770462 /* iOS_SecondWeek_Seminar_ExerciseTests.xctest */;
			productType = "com.apple.product-type.bundle.unit-test";
		};
		B8EF61CE2453FE9400770462 /* iOS_SecondWeek_Seminar_ExerciseUITests */ = {
			isa = PBXNativeTarget;
			buildConfigurationList = B8EF61DE2453FE9400770462 /* Build configuration list for PBXNativeTarget "iOS_SecondWeek_Seminar_ExerciseUITests" */;
			buildPhases = (
				B8EF61CB2453FE9400770462 /* Sources */,
				B8EF61CC2453FE9400770462 /* Frameworks */,
				B8EF61CD2453FE9400770462 /* Resources */,
			);
			buildRules = (
			);
			dependencies = (
				B8EF61D12453FE9400770462 /* PBXTargetDependency */,
			);
			name = iOS_SecondWeek_Seminar_ExerciseUITests;
			productName = iOS_SecondWeek_Seminar_ExerciseUITests;
			productReference = B8EF61CF2453FE9400770462 /* iOS_SecondWeek_Seminar_ExerciseUITests.xctest */;
			productType = "com.apple.product-type.bundle.ui-testing";
		};
/* End PBXNativeTarget section */

/* Begin PBXProject section */
		B8EF61A62453FE8F00770462 /* Project object */ = {
			isa = PBXProject;
			attributes = {
				LastSwiftUpdateCheck = 1130;
				LastUpgradeCheck = 1130;
				ORGANIZATIONNAME = "이예슬";
				TargetAttributes = {
					B8EF61AD2453FE8F00770462 = {
						CreatedOnToolsVersion = 11.3;
					};
					B8EF61C32453FE9400770462 = {
						CreatedOnToolsVersion = 11.3;
						TestTargetID = B8EF61AD2453FE8F00770462;
					};
					B8EF61CE2453FE9400770462 = {
						CreatedOnToolsVersion = 11.3;
						TestTargetID = B8EF61AD2453FE8F00770462;
					};
				};
			};
			buildConfigurationList = B8EF61A92453FE8F00770462 /* Build configuration list for PBXProject "iOS_SecondWeek_Seminar_Exercise" */;
			compatibilityVersion = "Xcode 9.3";
			developmentRegion = en;
			hasScannedForEncodings = 0;
			knownRegions = (
				en,
				Base,
			);
			mainGroup = B8EF61A52453FE8F00770462;
			productRefGroup = B8EF61AF2453FE8F00770462 /* Products */;
			projectDirPath = "";
			projectRoot = "";
			targets = (
				B8EF61AD2453FE8F00770462 /* iOS_SecondWeek_Seminar_Exercise */,
				B8EF61C32453FE9400770462 /* iOS_SecondWeek_Seminar_ExerciseTests */,
				B8EF61CE2453FE9400770462 /* iOS_SecondWeek_Seminar_ExerciseUITests */,
			);
		};
/* End PBXProject section */

/* Begin PBXResourcesBuildPhase section */
		B8EF61AC2453FE8F00770462 /* Resources */ = {
			isa = PBXResourcesBuildPhase;
			buildActionMask = 2147483647;
			files = (
				B8EF61BE2453FE9400770462 /* LaunchScreen.storyboard in Resources */,
				B8EF61BB2453FE9400770462 /* Assets.xcassets in Resources */,
				B8EF61B92453FE8F00770462 /* Main.storyboard in Resources */,
			);
			runOnlyForDeploymentPostprocessing = 0;
		};
		B8EF61C22453FE9400770462 /* Resources */ = {
			isa = PBXResourcesBuildPhase;
			buildActionMask = 2147483647;
			files = (
			);
			runOnlyForDeploymentPostprocessing = 0;
		};
		B8EF61CD2453FE9400770462 /* Resources */ = {
			isa = PBXResourcesBuildPhase;
			buildActionMask = 2147483647;
			files = (
			);
			runOnlyForDeploymentPostprocessing = 0;
		};
/* End PBXResourcesBuildPhase section */

/* Begin PBXSourcesBuildPhase section */
		B8EF61AA2453FE8F00770462 /* Sources */ = {
			isa = PBXSourcesBuildPhase;
			buildActionMask = 2147483647;
			files = (
				B8EF61B62453FE8F00770462 /* ViewController.swift in Sources */,
				B8EF61B22453FE8F00770462 /* AppDelegate.swift in Sources */,
				B8EF61B42453FE8F00770462 /* SceneDelegate.swift in Sources */,
			);
			runOnlyForDeploymentPostprocessing = 0;
		};
		B8EF61C02453FE9400770462 /* Sources */ = {
			isa = PBXSourcesBuildPhase;
			buildActionMask = 2147483647;
			files = (
				B8EF61C92453FE9400770462 /* iOS_SecondWeek_Seminar_ExerciseTests.swift in Sources */,
			);
			runOnlyForDeploymentPostprocessing = 0;
		};
		B8EF61CB2453FE9400770462 /* Sources */ = {
			isa = PBXSourcesBuildPhase;
			buildActionMask = 2147483647;
			files = (
				B8EF61D42453FE9400770462 /* iOS_SecondWeek_Seminar_ExerciseUITests.swift in Sources */,
			);
			runOnlyForDeploymentPostprocessing = 0;
		};
/* End PBXSourcesBuildPhase section */

/* Begin PBXTargetDependency section */
		B8EF61C62453FE9400770462 /* PBXTargetDependency */ = {
			isa = PBXTargetDependency;
			target = B8EF61AD2453FE8F00770462 /* iOS_SecondWeek_Seminar_Exercise */;
			targetProxy = B8EF61C52453FE9400770462 /* PBXContainerItemProxy */;
		};
		B8EF61D12453FE9400770462 /* PBXTargetDependency */ = {
			isa = PBXTargetDependency;
			target = B8EF61AD2453FE8F00770462 /* iOS_SecondWeek_Seminar_Exercise */;
			targetProxy = B8EF61D02453FE9400770462 /* PBXContainerItemProxy */;
		};
/* End PBXTargetDependency section */

/* Begin PBXVariantGroup section */
		B8EF61B72453FE8F00770462 /* Main.storyboard */ = {
			isa = PBXVariantGroup;
			children = (
				B8EF61B82453FE8F00770462 /* Base */,
			);
			name = Main.storyboard;
			sourceTree = "<group>";
		};
		B8EF61BC2453FE9400770462 /* LaunchScreen.storyboard */ = {
			isa = PBXVariantGroup;
			children = (
				B8EF61BD2453FE9400770462 /* Base */,
			);
			name = LaunchScreen.storyboard;
			sourceTree = "<group>";
		};
/* End PBXVariantGroup section */

/* Begin XCBuildConfiguration section */
		B8EF61D62453FE9400770462 /* Debug */ = {
			isa = XCBuildConfiguration;
			buildSettings = {
				ALWAYS_SEARCH_USER_PATHS = NO;
				CLANG_ANALYZER_NONNULL = YES;
				CLANG_ANALYZER_NUMBER_OBJECT_CONVERSION = YES_AGGRESSIVE;
				CLANG_CXX_LANGUAGE_STANDARD = "gnu++14";
				CLANG_CXX_LIBRARY = "libc++";
				CLANG_ENABLE_MODULES = YES;
				CLANG_ENABLE_OBJC_ARC = YES;
				CLANG_ENABLE_OBJC_WEAK = YES;
				CLANG_WARN_BLOCK_CAPTURE_AUTORELEASING = YES;
				CLANG_WARN_BOOL_CONVERSION = YES;
				CLANG_WARN_COMMA = YES;
				CLANG_WARN_CONSTANT_CONVERSION = YES;
				CLANG_WARN_DEPRECATED_OBJC_IMPLEMENTATIONS = YES;
				CLANG_WARN_DIRECT_OBJC_ISA_USAGE = YES_ERROR;
				CLANG_WARN_DOCUMENTATION_COMMENTS = YES;
				CLANG_WARN_EMPTY_BODY = YES;
				CLANG_WARN_ENUM_CONVERSION = YES;
				CLANG_WARN_INFINITE_RECURSION = YES;
				CLANG_WARN_INT_CONVERSION = YES;
				CLANG_WARN_NON_LITERAL_NULL_CONVERSION = YES;
				CLANG_WARN_OBJC_IMPLICIT_RETAIN_SELF = YES;
				CLANG_WARN_OBJC_LITERAL_CONVERSION = YES;
				CLANG_WARN_OBJC_ROOT_CLASS = YES_ERROR;
				CLANG_WARN_RANGE_LOOP_ANALYSIS = YES;
				CLANG_WARN_STRICT_PROTOTYPES = YES;
				CLANG_WARN_SUSPICIOUS_MOVE = YES;
				CLANG_WARN_UNGUARDED_AVAILABILITY = YES_AGGRESSIVE;
				CLANG_WARN_UNREACHABLE_CODE = YES;
				CLANG_WARN__DUPLICATE_METHOD_MATCH = YES;
				COPY_PHASE_STRIP = NO;
				DEBUG_INFORMATION_FORMAT = dwarf;
				ENABLE_STRICT_OBJC_MSGSEND = YES;
				ENABLE_TESTABILITY = YES;
				GCC_C_LANGUAGE_STANDARD = gnu11;
				GCC_DYNAMIC_NO_PIC = NO;
				GCC_NO_COMMON_BLOCKS = YES;
				GCC_OPTIMIZATION_LEVEL = 0;
				GCC_PREPROCESSOR_DEFINITIONS = (
					"DEBUG=1",
					"$(inherited)",
				);
				GCC_WARN_64_TO_32_BIT_CONVERSION = YES;
				GCC_WARN_ABOUT_RETURN_TYPE = YES_ERROR;
				GCC_WARN_UNDECLARED_SELECTOR = YES;
				GCC_WARN_UNINITIALIZED_AUTOS = YES_AGGRESSIVE;
				GCC_WARN_UNUSED_FUNCTION = YES;
				GCC_WARN_UNUSED_VARIABLE = YES;
				IPHONEOS_DEPLOYMENT_TARGET = 13.2;
				MTL_ENABLE_DEBUG_INFO = INCLUDE_SOURCE;
				MTL_FAST_MATH = YES;
				ONLY_ACTIVE_ARCH = YES;
				SDKROOT = iphoneos;
				SWIFT_ACTIVE_COMPILATION_CONDITIONS = DEBUG;
				SWIFT_OPTIMIZATION_LEVEL = "-Onone";
			};
			name = Debug;
		};
		B8EF61D72453FE9400770462 /* Release */ = {
			isa = XCBuildConfiguration;
			buildSettings = {
				ALWAYS_SEARCH_USER_PATHS = NO;
				CLANG_ANALYZER_NONNULL = YES;
				CLANG_ANALYZER_NUMBER_OBJECT_CONVERSION = YES_AGGRESSIVE;
				CLANG_CXX_LANGUAGE_STANDARD = "gnu++14";
				CLANG_CXX_LIBRARY = "libc++";
				CLANG_ENABLE_MODULES = YES;
				CLANG_ENABLE_OBJC_ARC = YES;
				CLANG_ENABLE_OBJC_WEAK = YES;
				CLANG_WARN_BLOCK_CAPTURE_AUTORELEASING = YES;
				CLANG_WARN_BOOL_CONVERSION = YES;
				CLANG_WARN_COMMA = YES;
				CLANG_WARN_CONSTANT_CONVERSION = YES;
				CLANG_WARN_DEPRECATED_OBJC_IMPLEMENTATIONS = YES;
				CLANG_WARN_DIRECT_OBJC_ISA_USAGE = YES_ERROR;
				CLANG_WARN_DOCUMENTATION_COMMENTS = YES;
				CLANG_WARN_EMPTY_BODY = YES;
				CLANG_WARN_ENUM_CONVERSION = YES;
				CLANG_WARN_INFINITE_RECURSION = YES;
				CLANG_WARN_INT_CONVERSION = YES;
				CLANG_WARN_NON_LITERAL_NULL_CONVERSION = YES;
				CLANG_WARN_OBJC_IMPLICIT_RETAIN_SELF = YES;
				CLANG_WARN_OBJC_LITERAL_CONVERSION = YES;
				CLANG_WARN_OBJC_ROOT_CLASS = YES_ERROR;
				CLANG_WARN_RANGE_LOOP_ANALYSIS = YES;
				CLANG_WARN_STRICT_PROTOTYPES = YES;
				CLANG_WARN_SUSPICIOUS_MOVE = YES;
				CLANG_WARN_UNGUARDED_AVAILABILITY = YES_AGGRESSIVE;
				CLANG_WARN_UNREACHABLE_CODE = YES;
				CLANG_WARN__DUPLICATE_METHOD_MATCH = YES;
				COPY_PHASE_STRIP = NO;
				DEBUG_INFORMATION_FORMAT = "dwarf-with-dsym";
				ENABLE_NS_ASSERTIONS = NO;
				ENABLE_STRICT_OBJC_MSGSEND = YES;
				GCC_C_LANGUAGE_STANDARD = gnu11;
				GCC_NO_COMMON_BLOCKS = YES;
				GCC_WARN_64_TO_32_BIT_CONVERSION = YES;
				GCC_WARN_ABOUT_RETURN_TYPE = YES_ERROR;
				GCC_WARN_UNDECLARED_SELECTOR = YES;
				GCC_WARN_UNINITIALIZED_AUTOS = YES_AGGRESSIVE;
				GCC_WARN_UNUSED_FUNCTION = YES;
				GCC_WARN_UNUSED_VARIABLE = YES;
				IPHONEOS_DEPLOYMENT_TARGET = 13.2;
				MTL_ENABLE_DEBUG_INFO = NO;
				MTL_FAST_MATH = YES;
				SDKROOT = iphoneos;
				SWIFT_COMPILATION_MODE = wholemodule;
				SWIFT_OPTIMIZATION_LEVEL = "-O";
				VALIDATE_PRODUCT = YES;
			};
			name = Release;
		};
		B8EF61D92453FE9400770462 /* Debug */ = {
			isa = XCBuildConfiguration;
			buildSettings = {
				ASSETCATALOG_COMPILER_APPICON_NAME = AppIcon;
				CODE_SIGN_STYLE = Automatic;
				INFOPLIST_FILE = iOS_SecondWeek_Seminar_Exercise/Info.plist;
				LD_RUNPATH_SEARCH_PATHS = (
					"$(inherited)",
					"@executable_path/Frameworks",
				);
				PRODUCT_BUNDLE_IDENTIFIER = "seul.iOS-SecondWeek-Seminar-Exercise";
				PRODUCT_NAME = "$(TARGET_NAME)";
				SWIFT_VERSION = 5.0;
				TARGETED_DEVICE_FAMILY = "1,2";
			};
			name = Debug;
		};
		B8EF61DA2453FE9400770462 /* Release */ = {
			isa = XCBuildConfiguration;
			buildSettings = {
				ASSETCATALOG_COMPILER_APPICON_NAME = AppIcon;
				CODE_SIGN_STYLE = Automatic;
				INFOPLIST_FILE = iOS_SecondWeek_Seminar_Exercise/Info.plist;
				LD_RUNPATH_SEARCH_PATHS = (
					"$(inherited)",
					"@executable_path/Frameworks",
				);
				PRODUCT_BUNDLE_IDENTIFIER = "seul.iOS-SecondWeek-Seminar-Exercise";
				PRODUCT_NAME = "$(TARGET_NAME)";
				SWIFT_VERSION = 5.0;
				TARGETED_DEVICE_FAMILY = "1,2";
			};
			name = Release;
		};
		B8EF61DC2453FE9400770462 /* Debug */ = {
			isa = XCBuildConfiguration;
			buildSettings = {
				ALWAYS_EMBED_SWIFT_STANDARD_LIBRARIES = YES;
				BUNDLE_LOADER = "$(TEST_HOST)";
				CODE_SIGN_STYLE = Automatic;
				INFOPLIST_FILE = iOS_SecondWeek_Seminar_ExerciseTests/Info.plist;
				IPHONEOS_DEPLOYMENT_TARGET = 13.2;
				LD_RUNPATH_SEARCH_PATHS = (
					"$(inherited)",
					"@executable_path/Frameworks",
					"@loader_path/Frameworks",
				);
				PRODUCT_BUNDLE_IDENTIFIER = "seul.iOS-SecondWeek-Seminar-ExerciseTests";
				PRODUCT_NAME = "$(TARGET_NAME)";
				SWIFT_VERSION = 5.0;
				TARGETED_DEVICE_FAMILY = "1,2";
				TEST_HOST = "$(BUILT_PRODUCTS_DIR)/iOS_SecondWeek_Seminar_Exercise.app/iOS_SecondWeek_Seminar_Exercise";
			};
			name = Debug;
		};
		B8EF61DD2453FE9400770462 /* Release */ = {
			isa = XCBuildConfiguration;
			buildSettings = {
				ALWAYS_EMBED_SWIFT_STANDARD_LIBRARIES = YES;
				BUNDLE_LOADER = "$(TEST_HOST)";
				CODE_SIGN_STYLE = Automatic;
				INFOPLIST_FILE = iOS_SecondWeek_Seminar_ExerciseTests/Info.plist;
				IPHONEOS_DEPLOYMENT_TARGET = 13.2;
				LD_RUNPATH_SEARCH_PATHS = (
					"$(inherited)",
					"@executable_path/Frameworks",
					"@loader_path/Frameworks",
				);
				PRODUCT_BUNDLE_IDENTIFIER = "seul.iOS-SecondWeek-Seminar-ExerciseTests";
				PRODUCT_NAME = "$(TARGET_NAME)";
				SWIFT_VERSION = 5.0;
				TARGETED_DEVICE_FAMILY = "1,2";
				TEST_HOST = "$(BUILT_PRODUCTS_DIR)/iOS_SecondWeek_Seminar_Exercise.app/iOS_SecondWeek_Seminar_Exercise";
			};
			name = Release;
		};
		B8EF61DF2453FE9400770462 /* Debug */ = {
			isa = XCBuildConfiguration;
			buildSettings = {
				ALWAYS_EMBED_SWIFT_STANDARD_LIBRARIES = YES;
				CODE_SIGN_STYLE = Automatic;
				INFOPLIST_FILE = iOS_SecondWeek_Seminar_ExerciseUITests/Info.plist;
				LD_RUNPATH_SEARCH_PATHS = (
					"$(inherited)",
					"@executable_path/Frameworks",
					"@loader_path/Frameworks",
				);
				PRODUCT_BUNDLE_IDENTIFIER = "seul.iOS-SecondWeek-Seminar-ExerciseUITests";
				PRODUCT_NAME = "$(TARGET_NAME)";
				SWIFT_VERSION = 5.0;
				TARGETED_DEVICE_FAMILY = "1,2";
				TEST_TARGET_NAME = iOS_SecondWeek_Seminar_Exercise;
			};
			name = Debug;
		};
		B8EF61E02453FE9400770462 /* Release */ = {
			isa = XCBuildConfiguration;
			buildSettings = {
				ALWAYS_EMBED_SWIFT_STANDARD_LIBRARIES = YES;
				CODE_SIGN_STYLE = Automatic;
				INFOPLIST_FILE = iOS_SecondWeek_Seminar_ExerciseUITests/Info.plist;
				LD_RUNPATH_SEARCH_PATHS = (
					"$(inherited)",
					"@executable_path/Frameworks",
					"@loader_path/Frameworks",
				);
				PRODUCT_BUNDLE_IDENTIFIER = "seul.iOS-SecondWeek-Seminar-ExerciseUITests";
				PRODUCT_NAME = "$(TARGET_NAME)";
				SWIFT_VERSION = 5.0;
				TARGETED_DEVICE_FAMILY = "1,2";
				TEST_TARGET_NAME = iOS_SecondWeek_Seminar_Exercise;
			};
			name = Release;
		};
/* End XCBuildConfiguration section */

/* Begin XCConfigurationList section */
		B8EF61A92453FE8F00770462 /* Build configuration list for PBXProject "iOS_SecondWeek_Seminar_Exercise" */ = {
			isa = XCConfigurationList;
			buildConfigurations = (
				B8EF61D62453FE9400770462 /* Debug */,
				B8EF61D72453FE9400770462 /* Release */,
			);
			defaultConfigurationIsVisible = 0;
			defaultConfigurationName = Release;
		};
		B8EF61D82453FE9400770462 /* Build configuration list for PBXNativeTarget "iOS_SecondWeek_Seminar_Exercise" */ = {
			isa = XCConfigurationList;
			buildConfigurations = (
				B8EF61D92453FE9400770462 /* Debug */,
				B8EF61DA2453FE9400770462 /* Release */,
			);
			defaultConfigurationIsVisible = 0;
			defaultConfigurationName = Release;
		};
		B8EF61DB2453FE9400770462 /* Build configuration list for PBXNativeTarget "iOS_SecondWeek_Seminar_ExerciseTests" */ = {
			isa = XCConfigurationList;
			buildConfigurations = (
				B8EF61DC2453FE9400770462 /* Debug */,
				B8EF61DD2453FE9400770462 /* Release */,
			);
			defaultConfigurationIsVisible = 0;
			defaultConfigurationName = Release;
		};
		B8EF61DE2453FE9400770462 /* Build configuration list for PBXNativeTarget "iOS_SecondWeek_Seminar_ExerciseUITests" */ = {
			isa = XCConfigurationList;
			buildConfigurations = (
				B8EF61DF2453FE9400770462 /* Debug */,
				B8EF61E02453FE9400770462 /* Release */,
			);
			defaultConfigurationIsVisible = 0;
			defaultConfigurationName = Release;
		};
/* End XCConfigurationList section */
	};
	rootObject = B8EF61A62453FE8F00770462 /* Project object */;
}
